
Microsoft Visual Studio Solution File, Format Version 12.00
# Visual Studio Version 17
VisualStudioVersion = 17.3.32819.101
MinimumVisualStudioVersion = 10.0.40219.1
Project("{FAE04EC0-301F-11D3-BF4B-00C04F79EFBC}") = "Linked_List_Programs", "Linked_List_Programs.csproj", "{19AAFB39-AE1C-42E5-B828-C3F1A1603BE7}"
EndProject
Global
	GlobalSection(SolutionConfigurationPlatforms) = preSolution
		Debug|Any CPU = Debug|Any CPU
		Release|Any CPU = Release|Any CPU
	EndGlobalSection
	GlobalSection(ProjectConfigurationPlatforms) = postSolution
		{19AAFB39-AE1C-42E5-B828-C3F1A1603BE7}.Debug|Any CPU.ActiveCfg = Debug|Any CPU
		{19AAFB39-AE1C-42E5-B828-C3F1A1603BE7}.Debug|Any CPU.Build.0 = Debug|Any CPU
		{19AAFB39-AE1C-42E5-B828-C3F1A1603BE7}.Release|Any CPU.ActiveCfg = Release|Any CPU
		{19AAFB39-AE1C-42E5-B828-C3F1A1603BE7}.Release|Any CPU.Build.0 = Release|Any CPU
	EndGlobalSection
	GlobalSection(SolutionProperties) = preSolution
		HideSolutionNode = FALSE
	EndGlobalSection
	GlobalSection(ExtensibilityGlobals) = postSolution
		SolutionGuid = {D8DF827B-146A-4A98-A919-8905DB3030EF}
	EndGlobalSection
EndGlobal
